
Microsoft Visual Studio Solution File, Format Version 12.00
# Visual Studio Version 17
VisualStudioVersion = 17.9.34622.214
MinimumVisualStudioVersion = 10.0.40219.1
Project("{FAE04EC0-301F-11D3-BF4B-00C04F79EFBC}") = "BinaryIO2", "BinaryIO2.csproj", "{DB3A1B48-B602-40CC-8382-6F15EA4C4EE6}"
EndProject
Global
	GlobalSection(SolutionConfigurationPlatforms) = preSolution
		Debug|Any CPU = Debug|Any CPU
		Release|Any CPU = Release|Any CPU
	EndGlobalSection
	GlobalSection(ProjectConfigurationPlatforms) = postSolution
		{DB3A1B48-B602-40CC-8382-6F15EA4C4EE6}.Debug|Any CPU.ActiveCfg = Debug|Any CPU
		{DB3A1B48-B602-40CC-8382-6F15EA4C4EE6}.Debug|Any CPU.Build.0 = Debug|Any CPU
		{DB3A1B48-B602-40CC-8382-6F15EA4C4EE6}.Release|Any CPU.ActiveCfg = Release|Any CPU
		{DB3A1B48-B602-40CC-8382-6F15EA4C4EE6}.Release|Any CPU.Build.0 = Release|Any CPU
	EndGlobalSection
	GlobalSection(SolutionProperties) = preSolution
		HideSolutionNode = FALSE
	EndGlobalSection
	GlobalSection(ExtensibilityGlobals) = postSolution
		SolutionGuid = {A4CB0F00-EA67-42C9-935A-0D21596A8F63}
	EndGlobalSection
EndGlobal
