
Microsoft Visual Studio Solution File, Format Version 12.00
# Visual Studio Version 17
VisualStudioVersion = 17.9.34622.214
MinimumVisualStudioVersion = 10.0.40219.1
Project("{FAE04EC0-301F-11D3-BF4B-00C04F79EFBC}") = "DirectoryEx2", "DirectoryEx2.csproj", "{AC5D7729-72CD-48EB-9161-F5EDA6EAB7C4}"
EndProject
Global
	GlobalSection(SolutionConfigurationPlatforms) = preSolution
		Debug|Any CPU = Debug|Any CPU
		Release|Any CPU = Release|Any CPU
	EndGlobalSection
	GlobalSection(ProjectConfigurationPlatforms) = postSolution
		{AC5D7729-72CD-48EB-9161-F5EDA6EAB7C4}.Debug|Any CPU.ActiveCfg = Debug|Any CPU
		{AC5D7729-72CD-48EB-9161-F5EDA6EAB7C4}.Debug|Any CPU.Build.0 = Debug|Any CPU
		{AC5D7729-72CD-48EB-9161-F5EDA6EAB7C4}.Release|Any CPU.ActiveCfg = Release|Any CPU
		{AC5D7729-72CD-48EB-9161-F5EDA6EAB7C4}.Release|Any CPU.Build.0 = Release|Any CPU
	EndGlobalSection
	GlobalSection(SolutionProperties) = preSolution
		HideSolutionNode = FALSE
	EndGlobalSection
	GlobalSection(ExtensibilityGlobals) = postSolution
		SolutionGuid = {C94704D8-039E-4DA6-83A5-7D2EDDDF9418}
	EndGlobalSection
EndGlobal
