
Microsoft Visual Studio Solution File, Format Version 12.00
# Visual Studio Version 17
VisualStudioVersion = 17.9.34622.214
MinimumVisualStudioVersion = 10.0.40219.1
Project("{FAE04EC0-301F-11D3-BF4B-00C04F79EFBC}") = "MessageAlarm", "MessageAlarm.csproj", "{589FE253-D5B2-46C6-9A0C-6368B7CE2195}"
EndProject
Global
	GlobalSection(SolutionConfigurationPlatforms) = preSolution
		Debug|Any CPU = Debug|Any CPU
		Release|Any CPU = Release|Any CPU
	EndGlobalSection
	GlobalSection(ProjectConfigurationPlatforms) = postSolution
		{589FE253-D5B2-46C6-9A0C-6368B7CE2195}.Debug|Any CPU.ActiveCfg = Debug|Any CPU
		{589FE253-D5B2-46C6-9A0C-6368B7CE2195}.Debug|Any CPU.Build.0 = Debug|Any CPU
		{589FE253-D5B2-46C6-9A0C-6368B7CE2195}.Release|Any CPU.ActiveCfg = Release|Any CPU
		{589FE253-D5B2-46C6-9A0C-6368B7CE2195}.Release|Any CPU.Build.0 = Release|Any CPU
	EndGlobalSection
	GlobalSection(SolutionProperties) = preSolution
		HideSolutionNode = FALSE
	EndGlobalSection
	GlobalSection(ExtensibilityGlobals) = postSolution
		SolutionGuid = {A60628D4-5AB0-4953-819F-BEFBD347B016}
	EndGlobalSection
EndGlobal
