
Microsoft Visual Studio Solution File, Format Version 12.00
# Visual Studio Version 17
VisualStudioVersion = 17.9.34622.214
MinimumVisualStudioVersion = 10.0.40219.1
Project("{FAE04EC0-301F-11D3-BF4B-00C04F79EFBC}") = "ThreadStateForm2", "ThreadStateForm2.csproj", "{A8206163-A5EC-4815-AD11-1FD53FC2E5CA}"
EndProject
Global
	GlobalSection(SolutionConfigurationPlatforms) = preSolution
		Debug|Any CPU = Debug|Any CPU
		Release|Any CPU = Release|Any CPU
	EndGlobalSection
	GlobalSection(ProjectConfigurationPlatforms) = postSolution
		{A8206163-A5EC-4815-AD11-1FD53FC2E5CA}.Debug|Any CPU.ActiveCfg = Debug|Any CPU
		{A8206163-A5EC-4815-AD11-1FD53FC2E5CA}.Debug|Any CPU.Build.0 = Debug|Any CPU
		{A8206163-A5EC-4815-AD11-1FD53FC2E5CA}.Release|Any CPU.ActiveCfg = Release|Any CPU
		{A8206163-A5EC-4815-AD11-1FD53FC2E5CA}.Release|Any CPU.Build.0 = Release|Any CPU
	EndGlobalSection
	GlobalSection(SolutionProperties) = preSolution
		HideSolutionNode = FALSE
	EndGlobalSection
	GlobalSection(ExtensibilityGlobals) = postSolution
		SolutionGuid = {4273B528-E5EA-44E8-BD14-7646902C83B6}
	EndGlobalSection
EndGlobal
