
Microsoft Visual Studio Solution File, Format Version 12.00
# Visual Studio Version 17
VisualStudioVersion = 17.9.34622.214
MinimumVisualStudioVersion = 10.0.40219.1
Project("{FAE04EC0-301F-11D3-BF4B-00C04F79EFBC}") = "Traffic light", "Traffic light.csproj", "{B94CA329-E585-4387-9400-DCD2C6BFC1D8}"
EndProject
Global
	GlobalSection(SolutionConfigurationPlatforms) = preSolution
		Debug|Any CPU = Debug|Any CPU
		Release|Any CPU = Release|Any CPU
	EndGlobalSection
	GlobalSection(ProjectConfigurationPlatforms) = postSolution
		{B94CA329-E585-4387-9400-DCD2C6BFC1D8}.Debug|Any CPU.ActiveCfg = Debug|Any CPU
		{B94CA329-E585-4387-9400-DCD2C6BFC1D8}.Debug|Any CPU.Build.0 = Debug|Any CPU
		{B94CA329-E585-4387-9400-DCD2C6BFC1D8}.Release|Any CPU.ActiveCfg = Release|Any CPU
		{B94CA329-E585-4387-9400-DCD2C6BFC1D8}.Release|Any CPU.Build.0 = Release|Any CPU
	EndGlobalSection
	GlobalSection(SolutionProperties) = preSolution
		HideSolutionNode = FALSE
	EndGlobalSection
	GlobalSection(ExtensibilityGlobals) = postSolution
		SolutionGuid = {C6BAA250-13F0-427E-9876-C5E9FCAA6383}
	EndGlobalSection
EndGlobal
